
Microsoft Visual Studio Solution File, Format Version 12.00
# Visual Studio Version 16
VisualStudioVersion = 16.0.30413.136
MinimumVisualStudioVersion = 10.0.40219.1
Project("{FAE04EC0-301F-11D3-BF4B-00C04F79EFBC}") = "Crash", "Crash\Crash.csproj", "{FFBFB4B9-97BD-4D21-91DE-CAF7AE9DDB65}"
EndProject
Project("{FAE04EC0-301F-11D3-BF4B-00C04F79EFBC}") = "CrashEdit", "CrashEdit\CrashEdit.csproj", "{ECE059C1-0706-45F3-B897-7026376F49A9}"
EndProject
Project("{FAE04EC0-301F-11D3-BF4B-00C04F79EFBC}") = "Crash.UI", "Crash.UI\Crash.UI.csproj", "{3B43FB3E-338F-4FA2-9B43-C6E4DE63DC8E}"
EndProject
Project("{FAE04EC0-301F-11D3-BF4B-00C04F79EFBC}") = "CrashHacks", "CrashHacks\CrashHacks.csproj", "{A6253B76-7091-403D-B96B-DB7DB78ACA87}"
EndProject
Project("{FAE04EC0-301F-11D3-BF4B-00C04F79EFBC}") = "ISO2PSX", "ISO2PSX\ISO2PSX.csproj", "{B25E0901-A824-4C47-B2B4-048B8C154CCC}"
EndProject
Global
	GlobalSection(SolutionConfigurationPlatforms) = preSolution
		Debug|Any CPU = Debug|Any CPU
		Release|Any CPU = Release|Any CPU
	EndGlobalSection
	GlobalSection(ProjectConfigurationPlatforms) = postSolution
		{FFBFB4B9-97BD-4D21-91DE-CAF7AE9DDB65}.Debug|Any CPU.ActiveCfg = Debug|Any CPU
		{FFBFB4B9-97BD-4D21-91DE-CAF7AE9DDB65}.Debug|Any CPU.Build.0 = Debug|Any CPU
		{FFBFB4B9-97BD-4D21-91DE-CAF7AE9DDB65}.Release|Any CPU.ActiveCfg = Release|Any CPU
		{FFBFB4B9-97BD-4D21-91DE-CAF7AE9DDB65}.Release|Any CPU.Build.0 = Release|Any CPU
		{ECE059C1-0706-45F3-B897-7026376F49A9}.Debug|Any CPU.ActiveCfg = Debug|Any CPU
		{ECE059C1-0706-45F3-B897-7026376F49A9}.Debug|Any CPU.Build.0 = Debug|Any CPU
		{ECE059C1-0706-45F3-B897-7026376F49A9}.Release|Any CPU.ActiveCfg = Release|Any CPU
		{ECE059C1-0706-45F3-B897-7026376F49A9}.Release|Any CPU.Build.0 = Release|Any CPU
		{3B43FB3E-338F-4FA2-9B43-C6E4DE63DC8E}.Debug|Any CPU.ActiveCfg = Debug|Any CPU
		{3B43FB3E-338F-4FA2-9B43-C6E4DE63DC8E}.Debug|Any CPU.Build.0 = Debug|Any CPU
		{3B43FB3E-338F-4FA2-9B43-C6E4DE63DC8E}.Release|Any CPU.ActiveCfg = Release|Any CPU
		{3B43FB3E-338F-4FA2-9B43-C6E4DE63DC8E}.Release|Any CPU.Build.0 = Release|Any CPU
		{A6253B76-7091-403D-B96B-DB7DB78ACA87}.Debug|Any CPU.ActiveCfg = Debug|Any CPU
		{A6253B76-7091-403D-B96B-DB7DB78ACA87}.Debug|Any CPU.Build.0 = Debug|Any CPU
		{A6253B76-7091-403D-B96B-DB7DB78ACA87}.Release|Any CPU.ActiveCfg = Release|Any CPU
		{A6253B76-7091-403D-B96B-DB7DB78ACA87}.Release|Any CPU.Build.0 = Release|Any CPU
		{B25E0901-A824-4C47-B2B4-048B8C154CCC}.Debug|Any CPU.ActiveCfg = Debug|Any CPU
		{B25E0901-A824-4C47-B2B4-048B8C154CCC}.Debug|Any CPU.Build.0 = Debug|Any CPU
		{B25E0901-A824-4C47-B2B4-048B8C154CCC}.Release|Any CPU.ActiveCfg = Release|Any CPU
		{B25E0901-A824-4C47-B2B4-048B8C154CCC}.Release|Any CPU.Build.0 = Release|Any CPU
	EndGlobalSection
	GlobalSection(SolutionProperties) = preSolution
		HideSolutionNode = FALSE
	EndGlobalSection
	GlobalSection(ExtensibilityGlobals) = postSolution
		SolutionGuid = {4F544671-FEF6-43DD-BBC9-1D6E43CB342C}
	EndGlobalSection
EndGlobal
