
Microsoft Visual Studio Solution File, Format Version 12.00
# Visual Studio Version 17
VisualStudioVersion = 17.8.34511.84
MinimumVisualStudioVersion = 10.0.40219.1
Project("{9A19103F-16F7-4668-BE54-9A1E7A4F7556}") = "CrashEdit", "CrashEdit\CrashEdit.csproj", "{C21EF1AF-1831-4E19-91C4-EDCA5BBB1F5D}"
EndProject
Project("{9A19103F-16F7-4668-BE54-9A1E7A4F7556}") = "Crash", "Crash\Crash.csproj", "{EA052197-76BB-45C9-B69E-73FE6B64FC5B}"
EndProject
Project("{9A19103F-16F7-4668-BE54-9A1E7A4F7556}") = "Crash.UI", "Crash.UI\Crash.UI.csproj", "{3DC9449D-F182-4CE6-94C3-C7C9088C7A2C}"
EndProject
Project("{9A19103F-16F7-4668-BE54-9A1E7A4F7556}") = "ISO2PSX", "ISO2PSX\ISO2PSX.csproj", "{0D1DA506-37B1-4458-8289-DC79200F2861}"
EndProject
Project("{9A19103F-16F7-4668-BE54-9A1E7A4F7556}") = "CopyPtr", "CopyPtr\CopyPtr.csproj", "{A1EE98A8-EDB7-42FE-84A0-FC1E0F396198}"
EndProject
Project("{FAE04EC0-301F-11D3-BF4B-00C04F79EFBC}") = "CrashHacks", "CrashHacks\CrashHacks.csproj", "{43F1FD85-D4B8-44C1-AA60-E02A781EE2AB}"
EndProject
Global
	GlobalSection(SolutionConfigurationPlatforms) = preSolution
		Debug|Any CPU = Debug|Any CPU
		Release|Any CPU = Release|Any CPU
	EndGlobalSection
	GlobalSection(ProjectConfigurationPlatforms) = postSolution
		{C21EF1AF-1831-4E19-91C4-EDCA5BBB1F5D}.Debug|Any CPU.ActiveCfg = Debug|Any CPU
		{C21EF1AF-1831-4E19-91C4-EDCA5BBB1F5D}.Debug|Any CPU.Build.0 = Debug|Any CPU
		{C21EF1AF-1831-4E19-91C4-EDCA5BBB1F5D}.Release|Any CPU.ActiveCfg = Release|Any CPU
		{C21EF1AF-1831-4E19-91C4-EDCA5BBB1F5D}.Release|Any CPU.Build.0 = Release|Any CPU
		{EA052197-76BB-45C9-B69E-73FE6B64FC5B}.Debug|Any CPU.ActiveCfg = Debug|Any CPU
		{EA052197-76BB-45C9-B69E-73FE6B64FC5B}.Debug|Any CPU.Build.0 = Debug|Any CPU
		{EA052197-76BB-45C9-B69E-73FE6B64FC5B}.Release|Any CPU.ActiveCfg = Release|Any CPU
		{EA052197-76BB-45C9-B69E-73FE6B64FC5B}.Release|Any CPU.Build.0 = Release|Any CPU
		{3DC9449D-F182-4CE6-94C3-C7C9088C7A2C}.Debug|Any CPU.ActiveCfg = Debug|Any CPU
		{3DC9449D-F182-4CE6-94C3-C7C9088C7A2C}.Debug|Any CPU.Build.0 = Debug|Any CPU
		{3DC9449D-F182-4CE6-94C3-C7C9088C7A2C}.Release|Any CPU.ActiveCfg = Release|Any CPU
		{3DC9449D-F182-4CE6-94C3-C7C9088C7A2C}.Release|Any CPU.Build.0 = Release|Any CPU
		{0D1DA506-37B1-4458-8289-DC79200F2861}.Debug|Any CPU.ActiveCfg = Debug|Any CPU
		{0D1DA506-37B1-4458-8289-DC79200F2861}.Debug|Any CPU.Build.0 = Debug|Any CPU
		{0D1DA506-37B1-4458-8289-DC79200F2861}.Release|Any CPU.ActiveCfg = Release|Any CPU
		{0D1DA506-37B1-4458-8289-DC79200F2861}.Release|Any CPU.Build.0 = Release|Any CPU
		{A1EE98A8-EDB7-42FE-84A0-FC1E0F396198}.Debug|Any CPU.ActiveCfg = Debug|Any CPU
		{A1EE98A8-EDB7-42FE-84A0-FC1E0F396198}.Debug|Any CPU.Build.0 = Debug|Any CPU
		{A1EE98A8-EDB7-42FE-84A0-FC1E0F396198}.Release|Any CPU.ActiveCfg = Release|Any CPU
		{A1EE98A8-EDB7-42FE-84A0-FC1E0F396198}.Release|Any CPU.Build.0 = Release|Any CPU
		{43F1FD85-D4B8-44C1-AA60-E02A781EE2AB}.Debug|Any CPU.ActiveCfg = Debug|Any CPU
		{43F1FD85-D4B8-44C1-AA60-E02A781EE2AB}.Debug|Any CPU.Build.0 = Debug|Any CPU
		{43F1FD85-D4B8-44C1-AA60-E02A781EE2AB}.Release|Any CPU.ActiveCfg = Release|Any CPU
		{43F1FD85-D4B8-44C1-AA60-E02A781EE2AB}.Release|Any CPU.Build.0 = Release|Any CPU
	EndGlobalSection
	GlobalSection(SolutionProperties) = preSolution
		HideSolutionNode = FALSE
	EndGlobalSection
	GlobalSection(ExtensibilityGlobals) = postSolution
		SolutionGuid = {C0DFA663-B44E-4D98-9F33-3276EC135041}
	EndGlobalSection
EndGlobal
